// !$*UTF8*$!
{
	archiveVersion = 1;
	classes = {
	};
	objectVersion = 46;
	objects = {

/* Begin PBXBuildFile section */
		3A41C9A21F5445C100755728 /* AppDelegate.swift in Sources */ = {isa = PBXBuildFile; fileRef = 3A41C9A11F5445C100755728 /* AppDelegate.swift */; };
		3A41C9A71F5445C100755728 /* Main.storyboard in Resources */ = {isa = PBXBuildFile; fileRef = 3A41C9A51F5445C100755728 /* Main.storyboard */; };
		3A41C9A91F5445C100755728 /* Assets.xcassets in Resources */ = {isa = PBXBuildFile; fileRef = 3A41C9A81F5445C100755728 /* Assets.xcassets */; };
		3A41C9AC1F5445C100755728 /* LaunchScreen.storyboard in Resources */ = {isa = PBXBuildFile; fileRef = 3A41C9AA1F5445C100755728 /* LaunchScreen.storyboard */; };
		3A41C9B71F5445C100755728 /* BasketballScoreboardTests.swift in Sources */ = {isa = PBXBuildFile; fileRef = 3A41C9B61F5445C100755728 /* BasketballScoreboardTests.swift */; };
		3A41C9C21F5445C100755728 /* BasketballScoreboardUITests.swift in Sources */ = {isa = PBXBuildFile; fileRef = 3A41C9C11F5445C100755728 /* BasketballScoreboardUITests.swift */; };
		3A41C9D21F58894D00755728 /* ViewController.swift in Sources */ = {isa = PBXBuildFile; fileRef = 3A41C9D11F58894D00755728 /* ViewController.swift */; };
		3A41C9D51F5BB75B00755728 /* end.mp3 in Resources */ = {isa = PBXBuildFile; fileRef = 3A41C9D41F5BB75B00755728 /* end.mp3 */; };
/* End PBXBuildFile section */

/* Begin PBXContainerItemProxy section */
		3A41C9B31F5445C100755728 /* PBXContainerItemProxy */ = {
			isa = PBXContainerItemProxy;
			containerPortal = 3A41C9961F5445C100755728 /* Project object */;
			proxyType = 1;
			remoteGlobalIDString = 3A41C99D1F5445C100755728;
			remoteInfo = BasketballScoreboard;
		};
		3A41C9BE1F5445C100755728 /* PBXContainerItemProxy */ = {
			isa = PBXContainerItemProxy;
			containerPortal = 3A41C9961F5445C100755728 /* Project object */;
			proxyType = 1;
			remoteGlobalIDString = 3A41C99D1F5445C100755728;
			remoteInfo = BasketballScoreboard;
		};
/* End PBXContainerItemProxy section */

/* Begin PBXFileReference section */
		3A41C99E1F5445C100755728 /* BasketballScoreboard.app */ = {isa = PBXFileReference; explicitFileType = wrapper.application; includeInIndex = 0; path = BasketballScoreboard.app; sourceTree = BUILT_PRODUCTS_DIR; };
		3A41C9A11F5445C100755728 /* AppDelegate.swift */ = {isa = PBXFileReference; lastKnownFileType = sourcecode.swift; path = AppDelegate.swift; sourceTree = "<group>"; };
		3A41C9A61F5445C100755728 /* Base */ = {isa = PBXFileReference; lastKnownFileType = file.storyboard; name = Base; path = Base.lproj/Main.storyboard; sourceTree = "<group>"; };
		3A41C9A81F5445C100755728 /* Assets.xcassets */ = {isa = PBXFileReference; lastKnownFileType = folder.assetcatalog; path = Assets.xcassets; sourceTree = "<group>"; };
		3A41C9AB1F5445C100755728 /* Base */ = {isa = PBXFileReference; lastKnownFileType = file.storyboard; name = Base; path = Base.lproj/LaunchScreen.storyboard; sourceTree = "<group>"; };
		3A41C9AD1F5445C100755728 /* Info.plist */ = {isa = PBXFileReference; lastKnownFileType = text.plist.xml; path = Info.plist; sourceTree = "<group>"; };
		3A41C9B21F5445C100755728 /* BasketballScoreboardTests.xctest */ = {isa = PBXFileReference; explicitFileType = wrapper.cfbundle; includeInIndex = 0; path = BasketballScoreboardTests.xctest; sourceTree = BUILT_PRODUCTS_DIR; };
		3A41C9B61F5445C100755728 /* BasketballScoreboardTests.swift */ = {isa = PBXFileReference; lastKnownFileType = sourcecode.swift; path = BasketballScoreboardTests.swift; sourceTree = "<group>"; };
		3A41C9B81F5445C100755728 /* Info.plist */ = {isa = PBXFileReference; lastKnownFileType = text.plist.xml; path = Info.plist; sourceTree = "<group>"; };
		3A41C9BD1F5445C100755728 /* BasketballScoreboardUITests.xctest */ = {isa = PBXFileReference; explicitFileType = wrapper.cfbundle; includeInIndex = 0; path = BasketballScoreboardUITests.xctest; sourceTree = BUILT_PRODUCTS_DIR; };
		3A41C9C11F5445C100755728 /* BasketballScoreboardUITests.swift */ = {isa = PBXFileReference; lastKnownFileType = sourcecode.swift; path = BasketballScoreboardUITests.swift; sourceTree = "<group>"; };
		3A41C9C31F5445C100755728 /* Info.plist */ = {isa = PBXFileReference; lastKnownFileType = text.plist.xml; path = Info.plist; sourceTree = "<group>"; };
		3A41C9D11F58894D00755728 /* ViewController.swift */ = {isa = PBXFileReference; fileEncoding = 4; lastKnownFileType = sourcecode.swift; path = ViewController.swift; sourceTree = "<group>"; };
		3A41C9D41F5BB75B00755728 /* end.mp3 */ = {isa = PBXFileReference; lastKnownFileType = audio.mp3; path = end.mp3; sourceTree = "<group>"; };
/* End PBXFileReference section */

/* Begin PBXFrameworksBuildPhase section */
		3A41C99B1F5445C100755728 /* Frameworks */ = {
			isa = PBXFrameworksBuildPhase;
			buildActionMask = 2147483647;
			files = (
			);
			runOnlyForDeploymentPostprocessing = 0;
		};
		3A41C9AF1F5445C100755728 /* Frameworks */ = {
			isa = PBXFrameworksBuildPhase;
			buildActionMask = 2147483647;
			files = (
			);
			runOnlyForDeploymentPostprocessing = 0;
		};
		3A41C9BA1F5445C100755728 /* Frameworks */ = {
			isa = PBXFrameworksBuildPhase;
			buildActionMask = 2147483647;
			files = (
			);
			runOnlyForDeploymentPostprocessing = 0;
		};
/* End PBXFrameworksBuildPhase section */

/* Begin PBXGroup section */
		3A41C9951F5445C100755728 = {
			isa = PBXGroup;
			children = (
				3A41C9A01F5445C100755728 /* BasketballScoreboard */,
				3A41C9B51F5445C100755728 /* BasketballScoreboardTests */,
				3A41C9C01F5445C100755728 /* BasketballScoreboardUITests */,
				3A41C99F1F5445C100755728 /* Products */,
			);
			sourceTree = "<group>";
			usesTabs = 0;
		};
		3A41C99F1F5445C100755728 /* Products */ = {
			isa = PBXGroup;
			children = (
				3A41C99E1F5445C100755728 /* BasketballScoreboard.app */,
				3A41C9B21F5445C100755728 /* BasketballScoreboardTests.xctest */,
				3A41C9BD1F5445C100755728 /* BasketballScoreboardUITests.xctest */,
			);
			name = Products;
			sourceTree = "<group>";
		};
		3A41C9A01F5445C100755728 /* BasketballScoreboard */ = {
			isa = PBXGroup;
			children = (
				3A41C9D41F5BB75B00755728 /* end.mp3 */,
				3A41C9A11F5445C100755728 /* AppDelegate.swift */,
				3A41C9D11F58894D00755728 /* ViewController.swift */,
				3A41C9A51F5445C100755728 /* Main.storyboard */,
				3A41C9A81F5445C100755728 /* Assets.xcassets */,
				3A41C9AA1F5445C100755728 /* LaunchScreen.storyboard */,
				3A41C9AD1F5445C100755728 /* Info.plist */,
			);
			path = BasketballScoreboard;
			sourceTree = "<group>";
		};
		3A41C9B51F5445C100755728 /* BasketballScoreboardTests */ = {
			isa = PBXGroup;
			children = (
				3A41C9B61F5445C100755728 /* BasketballScoreboardTests.swift */,
				3A41C9B81F5445C100755728 /* Info.plist */,
			);
			path = BasketballScoreboardTests;
			sourceTree = "<group>";
		};
		3A41C9C01F5445C100755728 /* BasketballScoreboardUITests */ = {
			isa = PBXGroup;
			children = (
				3A41C9C11F5445C100755728 /* BasketballScoreboardUITests.swift */,
				3A41C9C31F5445C100755728 /* Info.plist */,
			);
			path = BasketballScoreboardUITests;
			sourceTree = "<group>";
		};
/* End PBXGroup section */

/* Begin PBXNativeTarget section */
		3A41C99D1F5445C100755728 /* BasketballScoreboard */ = {
			isa = PBXNativeTarget;
			buildConfigurationList = 3A41C9C61F5445C100755728 /* Build configuration list for PBXNativeTarget "BasketballScoreboard" */;
			buildPhases = (
				3A41C99A1F5445C100755728 /* Sources */,
				3A41C99B1F5445C100755728 /* Frameworks */,
				3A41C99C1F5445C100755728 /* Resources */,
			);
			buildRules = (
			);
			dependencies = (
			);
			name = BasketballScoreboard;
			productName = BasketballScoreboard;
			productReference = 3A41C99E1F5445C100755728 /* BasketballScoreboard.app */;
			productType = "com.apple.product-type.application";
		};
		3A41C9B11F5445C100755728 /* BasketballScoreboardTests */ = {
			isa = PBXNativeTarget;
			buildConfigurationList = 3A41C9C91F5445C100755728 /* Build configuration list for PBXNativeTarget "BasketballScoreboardTests" */;
			buildPhases = (
				3A41C9AE1F5445C100755728 /* Sources */,
				3A41C9AF1F5445C100755728 /* Frameworks */,
				3A41C9B01F5445C100755728 /* Resources */,
			);
			buildRules = (
			);
			dependencies = (
				3A41C9B41F5445C100755728 /* PBXTargetDependency */,
			);
			name = BasketballScoreboardTests;
			productName = BasketballScoreboardTests;
			productReference = 3A41C9B21F5445C100755728 /* BasketballScoreboardTests.xctest */;
			productType = "com.apple.product-type.bundle.unit-test";
		};
		3A41C9BC1F5445C100755728 /* BasketballScoreboardUITests */ = {
			isa = PBXNativeTarget;
			buildConfigurationList = 3A41C9CC1F5445C100755728 /* Build configuration list for PBXNativeTarget "BasketballScoreboardUITests" */;
			buildPhases = (
				3A41C9B91F5445C100755728 /* Sources */,
				3A41C9BA1F5445C100755728 /* Frameworks */,
				3A41C9BB1F5445C100755728 /* Resources */,
			);
			buildRules = (
			);
			dependencies = (
				3A41C9BF1F5445C100755728 /* PBXTargetDependency */,
			);
			name = BasketballScoreboardUITests;
			productName = BasketballScoreboardUITests;
			productReference = 3A41C9BD1F5445C100755728 /* BasketballScoreboardUITests.xctest */;
			productType = "com.apple.product-type.bundle.ui-testing";
		};
/* End PBXNativeTarget section */

/* Begin PBXProject section */
		3A41C9961F5445C100755728 /* Project object */ = {
			isa = PBXProject;
			attributes = {
				LastSwiftUpdateCheck = 0830;
				LastUpgradeCheck = 0830;
				ORGANIZATIONNAME = Kicher;
				TargetAttributes = {
					3A41C99D1F5445C100755728 = {
						CreatedOnToolsVersion = 8.3.3;
						DevelopmentTeam = 7V4ZN3YR63;
						ProvisioningStyle = Automatic;
						SystemCapabilities = {
							com.apple.BackgroundModes = {
								enabled = 0;
							};
						};
					};
					3A41C9B11F5445C100755728 = {
						CreatedOnToolsVersion = 8.3.3;
						ProvisioningStyle = Automatic;
						TestTargetID = 3A41C99D1F5445C100755728;
					};
					3A41C9BC1F5445C100755728 = {
						CreatedOnToolsVersion = 8.3.3;
						ProvisioningStyle = Automatic;
						TestTargetID = 3A41C99D1F5445C100755728;
					};
				};
			};
			buildConfigurationList = 3A41C9991F5445C100755728 /* Build configuration list for PBXProject "BasketballScoreboard" */;
			compatibilityVersion = "Xcode 3.2";
			developmentRegion = English;
			hasScannedForEncodings = 0;
			knownRegions = (
				en,
				Base,
			);
			mainGroup = 3A41C9951F5445C100755728;
			productRefGroup = 3A41C99F1F5445C100755728 /* Products */;
			projectDirPath = "";
			projectRoot = "";
			targets = (
				3A41C99D1F5445C100755728 /* BasketballScoreboard */,
				3A41C9B11F5445C100755728 /* BasketballScoreboardTests */,
				3A41C9BC1F5445C100755728 /* BasketballScoreboardUITests */,
			);
		};
/* End PBXProject section */

/* Begin PBXResourcesBuildPhase section */
		3A41C99C1F5445C100755728 /* Resources */ = {
			isa = PBXResourcesBuildPhase;
			buildActionMask = 2147483647;
			files = (
				3A41C9D51F5BB75B00755728 /* end.mp3 in Resources */,
				3A41C9AC1F5445C100755728 /* LaunchScreen.storyboard in Resources */,
				3A41C9A91F5445C100755728 /* Assets.xcassets in Resources */,
				3A41C9A71F5445C100755728 /* Main.storyboard in Resources */,
			);
			runOnlyForDeploymentPostprocessing = 0;
		};
		3A41C9B01F5445C100755728 /* Resources */ = {
			isa = PBXResourcesBuildPhase;
			buildActionMask = 2147483647;
			files = (
			);
			runOnlyForDeploymentPostprocessing = 0;
		};
		3A41C9BB1F5445C100755728 /* Resources */ = {
			isa = PBXResourcesBuildPhase;
			buildActionMask = 2147483647;
			files = (
			);
			runOnlyForDeploymentPostprocessing = 0;
		};
/* End PBXResourcesBuildPhase section */

/* Begin PBXSourcesBuildPhase section */
		3A41C99A1F5445C100755728 /* Sources */ = {
			isa = PBXSourcesBuildPhase;
			buildActionMask = 2147483647;
			files = (
				3A41C9D21F58894D00755728 /* ViewController.swift in Sources */,
				3A41C9A21F5445C100755728 /* AppDelegate.swift in Sources */,
			);
			runOnlyForDeploymentPostprocessing = 0;
		};
		3A41C9AE1F5445C100755728 /* Sources */ = {
			isa = PBXSourcesBuildPhase;
			buildActionMask = 2147483647;
			files = (
				3A41C9B71F5445C100755728 /* BasketballScoreboardTests.swift in Sources */,
			);
			runOnlyForDeploymentPostprocessing = 0;
		};
		3A41C9B91F5445C100755728 /* Sources */ = {
			isa = PBXSourcesBuildPhase;
			buildActionMask = 2147483647;
			files = (
				3A41C9C21F5445C100755728 /* BasketballScoreboardUITests.swift in Sources */,
			);
			runOnlyForDeploymentPostprocessing = 0;
		};
/* End PBXSourcesBuildPhase section */

/* Begin PBXTargetDependency section */
		3A41C9B41F5445C100755728 /* PBXTargetDependency */ = {
			isa = PBXTargetDependency;
			target = 3A41C99D1F5445C100755728 /* BasketballScoreboard */;
			targetProxy = 3A41C9B31F5445C100755728 /* PBXContainerItemProxy */;
		};
		3A41C9BF1F5445C100755728 /* PBXTargetDependency */ = {
			isa = PBXTargetDependency;
			target = 3A41C99D1F5445C100755728 /* BasketballScoreboard */;
			targetProxy = 3A41C9BE1F5445C100755728 /* PBXContainerItemProxy */;
		};
/* End PBXTargetDependency section */

/* Begin PBXVariantGroup section */
		3A41C9A51F5445C100755728 /* Main.storyboard */ = {
			isa = PBXVariantGroup;
			children = (
				3A41C9A61F5445C100755728 /* Base */,
			);
			name = Main.storyboard;
			sourceTree = "<group>";
		};
		3A41C9AA1F5445C100755728 /* LaunchScreen.storyboard */ = {
			isa = PBXVariantGroup;
			children = (
				3A41C9AB1F5445C100755728 /* Base */,
			);
			name = LaunchScreen.storyboard;
			sourceTree = "<group>";
		};
/* End PBXVariantGroup section */

/* Begin XCBuildConfiguration section */
		3A41C9C41F5445C100755728 /* Debug */ = {
			isa = XCBuildConfiguration;
			buildSettings = {
				ALWAYS_SEARCH_USER_PATHS = NO;
				CLANG_ANALYZER_NONNULL = YES;
				CLANG_ANALYZER_NUMBER_OBJECT_CONVERSION = YES_AGGRESSIVE;
				CLANG_CXX_LANGUAGE_STANDARD = "gnu++0x";
				CLANG_CXX_LIBRARY = "libc++";
				CLANG_ENABLE_MODULES = YES;
				CLANG_ENABLE_OBJC_ARC = YES;
				CLANG_WARN_BOOL_CONVERSION = YES;
				CLANG_WARN_CONSTANT_CONVERSION = YES;
				CLANG_WARN_DIRECT_OBJC_ISA_USAGE = YES_ERROR;
				CLANG_WARN_DOCUMENTATION_COMMENTS = YES;
				CLANG_WARN_EMPTY_BODY = YES;
				CLANG_WARN_ENUM_CONVERSION = YES;
				CLANG_WARN_INFINITE_RECURSION = YES;
				CLANG_WARN_INT_CONVERSION = YES;
				CLANG_WARN_OBJC_ROOT_CLASS = YES_ERROR;
				CLANG_WARN_SUSPICIOUS_MOVE = YES;
				CLANG_WARN_UNREACHABLE_CODE = YES;
				CLANG_WARN__DUPLICATE_METHOD_MATCH = YES;
				"CODE_SIGN_IDENTITY[sdk=iphoneos*]" = "iPhone Developer";
				COPY_PHASE_STRIP = NO;
				DEBUG_INFORMATION_FORMAT = dwarf;
				ENABLE_STRICT_OBJC_MSGSEND = YES;
				ENABLE_TESTABILITY = YES;
				GCC_C_LANGUAGE_STANDARD = gnu99;
				GCC_DYNAMIC_NO_PIC = NO;
				GCC_NO_COMMON_BLOCKS = YES;
				GCC_OPTIMIZATION_LEVEL = 0;
				GCC_PREPROCESSOR_DEFINITIONS = (
					"DEBUG=1",
					"$(inherited)",
				);
				GCC_WARN_64_TO_32_BIT_CONVERSION = YES;
				GCC_WARN_ABOUT_RETURN_TYPE = YES_ERROR;
				GCC_WARN_UNDECLARED_SELECTOR = YES;
				GCC_WARN_UNINITIALIZED_AUTOS = YES_AGGRESSIVE;
				GCC_WARN_UNUSED_FUNCTION = YES;
				GCC_WARN_UNUSED_VARIABLE = YES;
				IPHONEOS_DEPLOYMENT_TARGET = 10.3;
				MTL_ENABLE_DEBUG_INFO = YES;
				ONLY_ACTIVE_ARCH = YES;
				SDKROOT = iphoneos;
				SWIFT_ACTIVE_COMPILATION_CONDITIONS = DEBUG;
				SWIFT_OPTIMIZATION_LEVEL = "-Onone";
				TARGETED_DEVICE_FAMILY = "1,2";
			};
			name = Debug;
		};
		3A41C9C51F5445C100755728 /* Release */ = {
			isa = XCBuildConfiguration;
			buildSettings = {
				ALWAYS_SEARCH_USER_PATHS = NO;
				CLANG_ANALYZER_NONNULL = YES;
				CLANG_ANALYZER_NUMBER_OBJECT_CONVERSION = YES_AGGRESSIVE;
				CLANG_CXX_LANGUAGE_STANDARD = "gnu++0x";
				CLANG_CXX_LIBRARY = "libc++";
				CLANG_ENABLE_MODULES = YES;
				CLANG_ENABLE_OBJC_ARC = YES;
				CLANG_WARN_BOOL_CONVERSION = YES;
				CLANG_WARN_CONSTANT_CONVERSION = YES;
				CLANG_WARN_DIRECT_OBJC_ISA_USAGE = YES_ERROR;
				CLANG_WARN_DOCUMENTATION_COMMENTS = YES;
				CLANG_WARN_EMPTY_BODY = YES;
				CLANG_WARN_ENUM_CONVERSION = YES;
				CLANG_WARN_INFINITE_RECURSION = YES;
				CLANG_WARN_INT_CONVERSION = YES;
				CLANG_WARN_OBJC_ROOT_CLASS = YES_ERROR;
				CLANG_WARN_SUSPICIOUS_MOVE = YES;
				CLANG_WARN_UNREACHABLE_CODE = YES;
				CLANG_WARN__DUPLICATE_METHOD_MATCH = YES;
				"CODE_SIGN_IDENTITY[sdk=iphoneos*]" = "iPhone Developer";
				COPY_PHASE_STRIP = NO;
				DEBUG_INFORMATION_FORMAT = "dwarf-with-dsym";
				ENABLE_NS_ASSERTIONS = NO;
				ENABLE_STRICT_OBJC_MSGSEND = YES;
				GCC_C_LANGUAGE_STANDARD = gnu99;
				GCC_NO_COMMON_BLOCKS = YES;
				GCC_WARN_64_TO_32_BIT_CONVERSION = YES;
				GCC_WARN_ABOUT_RETURN_TYPE = YES_ERROR;
				GCC_WARN_UNDECLARED_SELECTOR = YES;
				GCC_WARN_UNINITIALIZED_AUTOS = YES_AGGRESSIVE;
				GCC_WARN_UNUSED_FUNCTION = YES;
				GCC_WARN_UNUSED_VARIABLE = YES;
				IPHONEOS_DEPLOYMENT_TARGET = 10.3;
				MTL_ENABLE_DEBUG_INFO = NO;
				SDKROOT = iphoneos;
				SWIFT_OPTIMIZATION_LEVEL = "-Owholemodule";
				TARGETED_DEVICE_FAMILY = "1,2";
				VALIDATE_PRODUCT = YES;
			};
			name = Release;
		};
		3A41C9C71F5445C100755728 /* Debug */ = {
			isa = XCBuildConfiguration;
			buildSettings = {
				ASSETCATALOG_COMPILER_APPICON_NAME = AppIcon;
				DEVELOPMENT_TEAM = 7V4ZN3YR63;
				INFOPLIST_FILE = BasketballScoreboard/Info.plist;
				LD_RUNPATH_SEARCH_PATHS = "$(inherited) @executable_path/Frameworks";
				PRODUCT_BUNDLE_IDENTIFIER = mstst33.BasketballScoreboard;
				PRODUCT_NAME = "$(TARGET_NAME)";
				SWIFT_VERSION = 3.0;
				TARGETED_DEVICE_FAMILY = "1,2";
			};
			name = Debug;
		};
		3A41C9C81F5445C100755728 /* Release */ = {
			isa = XCBuildConfiguration;
			buildSettings = {
				ASSETCATALOG_COMPILER_APPICON_NAME = AppIcon;
				DEVELOPMENT_TEAM = 7V4ZN3YR63;
				INFOPLIST_FILE = BasketballScoreboard/Info.plist;
				LD_RUNPATH_SEARCH_PATHS = "$(inherited) @executable_path/Frameworks";
				PRODUCT_BUNDLE_IDENTIFIER = mstst33.BasketballScoreboard;
				PRODUCT_NAME = "$(TARGET_NAME)";
				SWIFT_VERSION = 3.0;
				TARGETED_DEVICE_FAMILY = "1,2";
			};
			name = Release;
		};
		3A41C9CA1F5445C100755728 /* Debug */ = {
			isa = XCBuildConfiguration;
			buildSettings = {
				ALWAYS_EMBED_SWIFT_STANDARD_LIBRARIES = YES;
				BUNDLE_LOADER = "$(TEST_HOST)";
				INFOPLIST_FILE = BasketballScoreboardTests/Info.plist;
				LD_RUNPATH_SEARCH_PATHS = "$(inherited) @executable_path/Frameworks @loader_path/Frameworks";
				PRODUCT_BUNDLE_IDENTIFIER = mstst33.BasketballScoreboardTests;
				PRODUCT_NAME = "$(TARGET_NAME)";
				SWIFT_VERSION = 3.0;
				TEST_HOST = "$(BUILT_PRODUCTS_DIR)/BasketballScoreboard.app/BasketballScoreboard";
			};
			name = Debug;
		};
		3A41C9CB1F5445C100755728 /* Release */ = {
			isa = XCBuildConfiguration;
			buildSettings = {
				ALWAYS_EMBED_SWIFT_STANDARD_LIBRARIES = YES;
				BUNDLE_LOADER = "$(TEST_HOST)";
				INFOPLIST_FILE = BasketballScoreboardTests/Info.plist;
				LD_RUNPATH_SEARCH_PATHS = "$(inherited) @executable_path/Frameworks @loader_path/Frameworks";
				PRODUCT_BUNDLE_IDENTIFIER = mstst33.BasketballScoreboardTests;
				PRODUCT_NAME = "$(TARGET_NAME)";
				SWIFT_VERSION = 3.0;
				TEST_HOST = "$(BUILT_PRODUCTS_DIR)/BasketballScoreboard.app/BasketballScoreboard";
			};
			name = Release;
		};
		3A41C9CD1F5445C100755728 /* Debug */ = {
			isa = XCBuildConfiguration;
			buildSettings = {
				ALWAYS_EMBED_SWIFT_STANDARD_LIBRARIES = YES;
				INFOPLIST_FILE = BasketballScoreboardUITests/Info.plist;
				LD_RUNPATH_SEARCH_PATHS = "$(inherited) @executable_path/Frameworks @loader_path/Frameworks";
				PRODUCT_BUNDLE_IDENTIFIER = mstst33.BasketballScoreboardUITests;
				PRODUCT_NAME = "$(TARGET_NAME)";
				SWIFT_VERSION = 3.0;
				TEST_TARGET_NAME = BasketballScoreboard;
			};
			name = Debug;
		};
		3A41C9CE1F5445C100755728 /* Release */ = {
			isa = XCBuildConfiguration;
			buildSettings = {
				ALWAYS_EMBED_SWIFT_STANDARD_LIBRARIES = YES;
				INFOPLIST_FILE = BasketballScoreboardUITests/Info.plist;
				LD_RUNPATH_SEARCH_PATHS = "$(inherited) @executable_path/Frameworks @loader_path/Frameworks";
				PRODUCT_BUNDLE_IDENTIFIER = mstst33.BasketballScoreboardUITests;
				PRODUCT_NAME = "$(TARGET_NAME)";
				SWIFT_VERSION = 3.0;
				TEST_TARGET_NAME = BasketballScoreboard;
			};
			name = Release;
		};
/* End XCBuildConfiguration section */

/* Begin XCConfigurationList section */
		3A41C9991F5445C100755728 /* Build configuration list for PBXProject "BasketballScoreboard" */ = {
			isa = XCConfigurationList;
			buildConfigurations = (
				3A41C9C41F5445C100755728 /* Debug */,
				3A41C9C51F5445C100755728 /* Release */,
			);
			defaultConfigurationIsVisible = 0;
			defaultConfigurationName = Release;
		};
		3A41C9C61F5445C100755728 /* Build configuration list for PBXNativeTarget "BasketballScoreboard" */ = {
			isa = XCConfigurationList;
			buildConfigurations = (
				3A41C9C71F5445C100755728 /* Debug */,
				3A41C9C81F5445C100755728 /* Release */,
			);
			defaultConfigurationIsVisible = 0;
			defaultConfigurationName = Release;
		};
		3A41C9C91F5445C100755728 /* Build configuration list for PBXNativeTarget "BasketballScoreboardTests" */ = {
			isa = XCConfigurationList;
			buildConfigurations = (
				3A41C9CA1F5445C100755728 /* Debug */,
				3A41C9CB1F5445C100755728 /* Release */,
			);
			defaultConfigurationIsVisible = 0;
			defaultConfigurationName = Release;
		};
		3A41C9CC1F5445C100755728 /* Build configuration list for PBXNativeTarget "BasketballScoreboardUITests" */ = {
			isa = XCConfigurationList;
			buildConfigurations = (
				3A41C9CD1F5445C100755728 /* Debug */,
				3A41C9CE1F5445C100755728 /* Release */,
			);
			defaultConfigurationIsVisible = 0;
			defaultConfigurationName = Release;
		};
/* End XCConfigurationList section */
	};
	rootObject = 3A41C9961F5445C100755728 /* Project object */;
}
